
Microsoft Visual Studio Solution File, Format Version 12.00
# Visual Studio 15
VisualStudioVersion = 15.0.28307.271
MinimumVisualStudioVersion = 10.0.40219.1
Project("{FAE04EC0-301F-11D3-BF4B-00C04F79EFBC}") = "PathFinders", "PathFinders\PathFinders.csproj", "{7F4559C2-BF9B-41F1-8175-F0202006D019}"
EndProject
Global
	GlobalSection(SolutionConfigurationPlatforms) = preSolution
		Debug|Any CPU = Debug|Any CPU
		Release|Any CPU = Release|Any CPU
	EndGlobalSection
	GlobalSection(ProjectConfigurationPlatforms) = postSolution
		{7F4559C2-BF9B-41F1-8175-F0202006D019}.Debug|Any CPU.ActiveCfg = Debug|Any CPU
		{7F4559C2-BF9B-41F1-8175-F0202006D019}.Debug|Any CPU.Build.0 = Debug|Any CPU
		{7F4559C2-BF9B-41F1-8175-F0202006D019}.Release|Any CPU.ActiveCfg = Release|Any CPU
		{7F4559C2-BF9B-41F1-8175-F0202006D019}.Release|Any CPU.Build.0 = Release|Any CPU
	EndGlobalSection
	GlobalSection(SolutionProperties) = preSolution
		HideSolutionNode = FALSE
	EndGlobalSection
	GlobalSection(ExtensibilityGlobals) = postSolution
		SolutionGuid = {02B18F0B-DBAD-44B0-AA98-6DD0017E9998}
	EndGlobalSection
EndGlobal
